
Microsoft Visual Studio Solution File, Format Version 12.00
Project("{FAE04EC0-301F-11D3-BF4B-00C04F79EFBC}") = "AGM", "AGM\AGM.csproj", "{772A5FEC-5244-48EF-AACE-8C01AEBB6442}"
EndProject
Project("{FAE04EC0-301F-11D3-BF4B-00C04F79EFBC}") = "AGM.Server", "AGM.Server\AGM.Server.csproj", "{3D7087CE-A5F1-4DA1-9A44-BFD02909DAEF}"
EndProject
Project("{FAE04EC0-301F-11D3-BF4B-00C04F79EFBC}") = "AGM.Client", "AGM.Client\AGM.Client.csproj", "{43086139-9F20-4E9C-87BA-66D00ABB0B71}"
EndProject
Project("{FAE04EC0-301F-11D3-BF4B-00C04F79EFBC}") = "AGM.Console", "AGM.Console\AGM.Console.csproj", "{C870AEF4-58EA-4B0A-8C51-01E9A3FC5F61}"
EndProject
Project("{FAE04EC0-301F-11D3-BF4B-00C04F79EFBC}") = "AGM.Core", "AGM.Core\AGM.Core.csproj", "{9CF89E4E-AEE2-4818-A963-703249C9C4A6}"
EndProject
Global
	GlobalSection(SolutionConfigurationPlatforms) = preSolution
		Debug|Any CPU = Debug|Any CPU
		Release|Any CPU = Release|Any CPU
	EndGlobalSection
	GlobalSection(ProjectConfigurationPlatforms) = postSolution
		{772A5FEC-5244-48EF-AACE-8C01AEBB6442}.Debug|Any CPU.ActiveCfg = Debug|Any CPU
		{772A5FEC-5244-48EF-AACE-8C01AEBB6442}.Debug|Any CPU.Build.0 = Debug|Any CPU
		{772A5FEC-5244-48EF-AACE-8C01AEBB6442}.Release|Any CPU.ActiveCfg = Release|Any CPU
		{772A5FEC-5244-48EF-AACE-8C01AEBB6442}.Release|Any CPU.Build.0 = Release|Any CPU
		{3D7087CE-A5F1-4DA1-9A44-BFD02909DAEF}.Debug|Any CPU.ActiveCfg = Debug|Any CPU
		{3D7087CE-A5F1-4DA1-9A44-BFD02909DAEF}.Debug|Any CPU.Build.0 = Debug|Any CPU
		{3D7087CE-A5F1-4DA1-9A44-BFD02909DAEF}.Release|Any CPU.ActiveCfg = Release|Any CPU
		{3D7087CE-A5F1-4DA1-9A44-BFD02909DAEF}.Release|Any CPU.Build.0 = Release|Any CPU
		{43086139-9F20-4E9C-87BA-66D00ABB0B71}.Debug|Any CPU.ActiveCfg = Debug|Any CPU
		{43086139-9F20-4E9C-87BA-66D00ABB0B71}.Debug|Any CPU.Build.0 = Debug|Any CPU
		{43086139-9F20-4E9C-87BA-66D00ABB0B71}.Release|Any CPU.ActiveCfg = Release|Any CPU
		{43086139-9F20-4E9C-87BA-66D00ABB0B71}.Release|Any CPU.Build.0 = Release|Any CPU
		{C870AEF4-58EA-4B0A-8C51-01E9A3FC5F61}.Debug|Any CPU.ActiveCfg = Debug|Any CPU
		{C870AEF4-58EA-4B0A-8C51-01E9A3FC5F61}.Debug|Any CPU.Build.0 = Debug|Any CPU
		{C870AEF4-58EA-4B0A-8C51-01E9A3FC5F61}.Release|Any CPU.ActiveCfg = Release|Any CPU
		{C870AEF4-58EA-4B0A-8C51-01E9A3FC5F61}.Release|Any CPU.Build.0 = Release|Any CPU
		{9CF89E4E-AEE2-4818-A963-703249C9C4A6}.Debug|Any CPU.ActiveCfg = Debug|Any CPU
		{9CF89E4E-AEE2-4818-A963-703249C9C4A6}.Debug|Any CPU.Build.0 = Debug|Any CPU
		{9CF89E4E-AEE2-4818-A963-703249C9C4A6}.Release|Any CPU.ActiveCfg = Release|Any CPU
		{9CF89E4E-AEE2-4818-A963-703249C9C4A6}.Release|Any CPU.Build.0 = Release|Any CPU
	EndGlobalSection
EndGlobal
